
Microsoft Visual Studio Solution File, Format Version 12.00
# Visual Studio Version 17
VisualStudioVersion = 17.3.32825.248
MinimumVisualStudioVersion = 10.0.40219.1
Project("{FAE04EC0-301F-11D3-BF4B-00C04F79EFBC}") = "FactoryPattern", "FactoryPattern\FactoryPattern.csproj", "{BBD86B12-F5E9-4CFD-AC33-56A860D2F8AE}"
EndProject
Global
	GlobalSection(SolutionConfigurationPlatforms) = preSolution
		Debug|Any CPU = Debug|Any CPU
		Release|Any CPU = Release|Any CPU
	EndGlobalSection
	GlobalSection(ProjectConfigurationPlatforms) = postSolution
		{BBD86B12-F5E9-4CFD-AC33-56A860D2F8AE}.Debug|Any CPU.ActiveCfg = Debug|Any CPU
		{BBD86B12-F5E9-4CFD-AC33-56A860D2F8AE}.Debug|Any CPU.Build.0 = Debug|Any CPU
		{BBD86B12-F5E9-4CFD-AC33-56A860D2F8AE}.Release|Any CPU.ActiveCfg = Release|Any CPU
		{BBD86B12-F5E9-4CFD-AC33-56A860D2F8AE}.Release|Any CPU.Build.0 = Release|Any CPU
	EndGlobalSection
	GlobalSection(SolutionProperties) = preSolution
		HideSolutionNode = FALSE
	EndGlobalSection
	GlobalSection(ExtensibilityGlobals) = postSolution
		SolutionGuid = {83EBA9D5-2B5D-4DBC-8FA7-AB27C186BE36}
	EndGlobalSection
EndGlobal
